
Microsoft Visual Studio Solution File, Format Version 12.00
# Visual Studio Version 16
VisualStudioVersion = 16.0.30907.101
MinimumVisualStudioVersion = 10.0.40219.1
Project("{FAE04EC0-301F-11D3-BF4B-00C04F79EFBC}") = "SharedAssembly", "SharedAssembly\SharedAssembly.csproj", "{CFBF2A6F-4FDF-4EC4-AA77-47005309C06A}"
EndProject
Project("{FAE04EC0-301F-11D3-BF4B-00C04F79EFBC}") = "MyTaxCalculator", "MyTaxCalculator\MyTaxCalculator.csproj", "{23394872-71E1-4992-B9D8-2EDCA9DBEADD}"
EndProject
Global
	GlobalSection(SolutionConfigurationPlatforms) = preSolution
		Debug|Any CPU = Debug|Any CPU
		Release|Any CPU = Release|Any CPU
	EndGlobalSection
	GlobalSection(ProjectConfigurationPlatforms) = postSolution
		{CFBF2A6F-4FDF-4EC4-AA77-47005309C06A}.Debug|Any CPU.ActiveCfg = Debug|Any CPU
		{CFBF2A6F-4FDF-4EC4-AA77-47005309C06A}.Debug|Any CPU.Build.0 = Debug|Any CPU
		{CFBF2A6F-4FDF-4EC4-AA77-47005309C06A}.Release|Any CPU.ActiveCfg = Release|Any CPU
		{CFBF2A6F-4FDF-4EC4-AA77-47005309C06A}.Release|Any CPU.Build.0 = Release|Any CPU
		{23394872-71E1-4992-B9D8-2EDCA9DBEADD}.Debug|Any CPU.ActiveCfg = Debug|Any CPU
		{23394872-71E1-4992-B9D8-2EDCA9DBEADD}.Debug|Any CPU.Build.0 = Debug|Any CPU
		{23394872-71E1-4992-B9D8-2EDCA9DBEADD}.Release|Any CPU.ActiveCfg = Release|Any CPU
		{23394872-71E1-4992-B9D8-2EDCA9DBEADD}.Release|Any CPU.Build.0 = Release|Any CPU
	EndGlobalSection
	GlobalSection(SolutionProperties) = preSolution
		HideSolutionNode = FALSE
	EndGlobalSection
	GlobalSection(ExtensibilityGlobals) = postSolution
		SolutionGuid = {54CC60B0-38B4-40B7-8A7B-B0234B20975C}
	EndGlobalSection
EndGlobal
