
Microsoft Visual Studio Solution File, Format Version 12.00
# Visual Studio Version 16
VisualStudioVersion = 16.0.30907.101
MinimumVisualStudioVersion = 10.0.40219.1
Project("{FAE04EC0-301F-11D3-BF4B-00C04F79EFBC}") = "PrivateAssembly", "PrivateAssembly\PrivateAssembly.csproj", "{7900E8AE-2B0C-421D-BBD1-B8652ABC6905}"
EndProject
Project("{FAE04EC0-301F-11D3-BF4B-00C04F79EFBC}") = "EndUserProject", "EndUserProject\EndUserProject.csproj", "{FE1A7B1A-9493-4D59-B1EE-0F661096B58E}"
EndProject
Project("{FAE04EC0-301F-11D3-BF4B-00C04F79EFBC}") = "DemoDLL", "DemoDLL\DemoDLL.csproj", "{C4261C9F-D2F4-4604-B74E-4B30FD401ED1}"
EndProject
Project("{FAE04EC0-301F-11D3-BF4B-00C04F79EFBC}") = "ClientUsingDLL", "ClientUsingDLL\ClientUsingDLL.csproj", "{399D6AD3-A124-435A-95A1-13D250BF13AF}"
EndProject
Global
	GlobalSection(SolutionConfigurationPlatforms) = preSolution
		Debug|Any CPU = Debug|Any CPU
		Release|Any CPU = Release|Any CPU
	EndGlobalSection
	GlobalSection(ProjectConfigurationPlatforms) = postSolution
		{7900E8AE-2B0C-421D-BBD1-B8652ABC6905}.Debug|Any CPU.ActiveCfg = Debug|Any CPU
		{7900E8AE-2B0C-421D-BBD1-B8652ABC6905}.Debug|Any CPU.Build.0 = Debug|Any CPU
		{7900E8AE-2B0C-421D-BBD1-B8652ABC6905}.Release|Any CPU.ActiveCfg = Release|Any CPU
		{7900E8AE-2B0C-421D-BBD1-B8652ABC6905}.Release|Any CPU.Build.0 = Release|Any CPU
		{FE1A7B1A-9493-4D59-B1EE-0F661096B58E}.Debug|Any CPU.ActiveCfg = Debug|Any CPU
		{FE1A7B1A-9493-4D59-B1EE-0F661096B58E}.Debug|Any CPU.Build.0 = Debug|Any CPU
		{FE1A7B1A-9493-4D59-B1EE-0F661096B58E}.Release|Any CPU.ActiveCfg = Release|Any CPU
		{FE1A7B1A-9493-4D59-B1EE-0F661096B58E}.Release|Any CPU.Build.0 = Release|Any CPU
		{C4261C9F-D2F4-4604-B74E-4B30FD401ED1}.Debug|Any CPU.ActiveCfg = Debug|Any CPU
		{C4261C9F-D2F4-4604-B74E-4B30FD401ED1}.Debug|Any CPU.Build.0 = Debug|Any CPU
		{C4261C9F-D2F4-4604-B74E-4B30FD401ED1}.Release|Any CPU.ActiveCfg = Release|Any CPU
		{C4261C9F-D2F4-4604-B74E-4B30FD401ED1}.Release|Any CPU.Build.0 = Release|Any CPU
		{399D6AD3-A124-435A-95A1-13D250BF13AF}.Debug|Any CPU.ActiveCfg = Debug|Any CPU
		{399D6AD3-A124-435A-95A1-13D250BF13AF}.Debug|Any CPU.Build.0 = Debug|Any CPU
		{399D6AD3-A124-435A-95A1-13D250BF13AF}.Release|Any CPU.ActiveCfg = Release|Any CPU
		{399D6AD3-A124-435A-95A1-13D250BF13AF}.Release|Any CPU.Build.0 = Release|Any CPU
	EndGlobalSection
	GlobalSection(SolutionProperties) = preSolution
		HideSolutionNode = FALSE
	EndGlobalSection
	GlobalSection(ExtensibilityGlobals) = postSolution
		SolutionGuid = {881FAF5E-D616-4AAC-BF39-A36C88D01B67}
	EndGlobalSection
EndGlobal
