
Microsoft Visual Studio Solution File, Format Version 12.00
# Visual Studio Version 16
VisualStudioVersion = 16.0.30225.117
MinimumVisualStudioVersion = 10.0.40219.1
Project("{FAE04EC0-301F-11D3-BF4B-00C04F79EFBC}") = "OopsAbstractInterfacesEg", "OopsAbstractInterfacesEg\OopsAbstractInterfacesEg.csproj", "{3DD54D43-3AE2-4F0D-9FE5-5A361A4DBEC1}"
EndProject
Global
	GlobalSection(SolutionConfigurationPlatforms) = preSolution
		Debug|Any CPU = Debug|Any CPU
		Release|Any CPU = Release|Any CPU
	EndGlobalSection
	GlobalSection(ProjectConfigurationPlatforms) = postSolution
		{3DD54D43-3AE2-4F0D-9FE5-5A361A4DBEC1}.Debug|Any CPU.ActiveCfg = Debug|Any CPU
		{3DD54D43-3AE2-4F0D-9FE5-5A361A4DBEC1}.Debug|Any CPU.Build.0 = Debug|Any CPU
		{3DD54D43-3AE2-4F0D-9FE5-5A361A4DBEC1}.Release|Any CPU.ActiveCfg = Release|Any CPU
		{3DD54D43-3AE2-4F0D-9FE5-5A361A4DBEC1}.Release|Any CPU.Build.0 = Release|Any CPU
	EndGlobalSection
	GlobalSection(SolutionProperties) = preSolution
		HideSolutionNode = FALSE
	EndGlobalSection
	GlobalSection(ExtensibilityGlobals) = postSolution
		SolutionGuid = {2602A0CC-0382-43BD-8A9F-F13896DBAC6C}
	EndGlobalSection
EndGlobal
